// !$*UTF8*$!
{
	archiveVersion = 1;
	classes = {
	};
	objectVersion = 46;
	objects = {

/* Begin PBXBuildFile section */
		6887FAE61A8A47AF003253BF /* main.m in Sources */ = {isa = PBXBuildFile; fileRef = 6887FAE51A8A47AF003253BF /* main.m */; };
		6887FAF41A8A47AF003253BF /* Images.xcassets in Resources */ = {isa = PBXBuildFile; fileRef = 6887FAF31A8A47AF003253BF /* Images.xcassets */; };
		6887FAF71A8A47AF003253BF /* LaunchScreen.xib in Resources */ = {isa = PBXBuildFile; fileRef = 6887FAF51A8A47AF003253BF /* LaunchScreen.xib */; };
		6887FB031A8A47AF003253BF /* NewsTests.m in Sources */ = {isa = PBXBuildFile; fileRef = 6887FB021A8A47AF003253BF /* NewsTests.m */; };
		68C06C1D1A8C88EC00BAC59F /* AppDelegate.m in Sources */ = {isa = PBXBuildFile; fileRef = 68C06C0F1A8C88EC00BAC59F /* AppDelegate.m */; };
		68C06C1E1A8C88EC00BAC59F /* CustomNewsTableViewCell.m in Sources */ = {isa = PBXBuildFile; fileRef = 68C06C121A8C88EC00BAC59F /* CustomNewsTableViewCell.m */; };
		68C06C1F1A8C88EC00BAC59F /* JSONLoader.m in Sources */ = {isa = PBXBuildFile; fileRef = 68C06C151A8C88EC00BAC59F /* JSONLoader.m */; };
		68C06C201A8C88EC00BAC59F /* News.m in Sources */ = {isa = PBXBuildFile; fileRef = 68C06C171A8C88EC00BAC59F /* News.m */; };
		68C06C211A8C88EC00BAC59F /* DetailViewController.m in Sources */ = {isa = PBXBuildFile; fileRef = 68C06C1A1A8C88EC00BAC59F /* DetailViewController.m */; };
		68C06C221A8C88EC00BAC59F /* MasterViewController.m in Sources */ = {isa = PBXBuildFile; fileRef = 68C06C1C1A8C88EC00BAC59F /* MasterViewController.m */; };
		68C06C251A8C8A9D00BAC59F /* Main.storyboard in Resources */ = {isa = PBXBuildFile; fileRef = 68C06C231A8C8A9D00BAC59F /* Main.storyboard */; };
/* End PBXBuildFile section */

/* Begin PBXContainerItemProxy section */
		6887FAFD1A8A47AF003253BF /* PBXContainerItemProxy */ = {
			isa = PBXContainerItemProxy;
			containerPortal = 6887FAD81A8A47AF003253BF /* Project object */;
			proxyType = 1;
			remoteGlobalIDString = 6887FADF1A8A47AF003253BF;
			remoteInfo = News;
		};
/* End PBXContainerItemProxy section */

/* Begin PBXFileReference section */
		6887FAE01A8A47AF003253BF /* News.app */ = {isa = PBXFileReference; explicitFileType = wrapper.application; includeInIndex = 0; path = News.app; sourceTree = BUILT_PRODUCTS_DIR; };
		6887FAE41A8A47AF003253BF /* Info.plist */ = {isa = PBXFileReference; lastKnownFileType = text.plist.xml; path = Info.plist; sourceTree = "<group>"; };
		6887FAE51A8A47AF003253BF /* main.m */ = {isa = PBXFileReference; lastKnownFileType = sourcecode.c.objc; path = main.m; sourceTree = "<group>"; };
		6887FAF31A8A47AF003253BF /* Images.xcassets */ = {isa = PBXFileReference; lastKnownFileType = folder.assetcatalog; path = Images.xcassets; sourceTree = "<group>"; };
		6887FAF61A8A47AF003253BF /* Base */ = {isa = PBXFileReference; lastKnownFileType = file.xib; name = Base; path = Base.lproj/LaunchScreen.xib; sourceTree = "<group>"; };
		6887FAFC1A8A47AF003253BF /* NewsTests.xctest */ = {isa = PBXFileReference; explicitFileType = wrapper.cfbundle; includeInIndex = 0; path = NewsTests.xctest; sourceTree = BUILT_PRODUCTS_DIR; };
		6887FB011A8A47AF003253BF /* Info.plist */ = {isa = PBXFileReference; lastKnownFileType = text.plist.xml; path = Info.plist; sourceTree = "<group>"; };
		6887FB021A8A47AF003253BF /* NewsTests.m */ = {isa = PBXFileReference; lastKnownFileType = sourcecode.c.objc; path = NewsTests.m; sourceTree = "<group>"; };
		68C06C0E1A8C88EC00BAC59F /* AppDelegate.h */ = {isa = PBXFileReference; fileEncoding = 4; lastKnownFileType = sourcecode.c.h; path = AppDelegate.h; sourceTree = "<group>"; };
		68C06C0F1A8C88EC00BAC59F /* AppDelegate.m */ = {isa = PBXFileReference; fileEncoding = 4; lastKnownFileType = sourcecode.c.objc; path = AppDelegate.m; sourceTree = "<group>"; };
		68C06C111A8C88EC00BAC59F /* CustomNewsTableViewCell.h */ = {isa = PBXFileReference; fileEncoding = 4; lastKnownFileType = sourcecode.c.h; path = CustomNewsTableViewCell.h; sourceTree = "<group>"; };
		68C06C121A8C88EC00BAC59F /* CustomNewsTableViewCell.m */ = {isa = PBXFileReference; fileEncoding = 4; lastKnownFileType = sourcecode.c.objc; path = CustomNewsTableViewCell.m; sourceTree = "<group>"; };
		68C06C141A8C88EC00BAC59F /* JSONLoader.h */ = {isa = PBXFileReference; fileEncoding = 4; lastKnownFileType = sourcecode.c.h; path = JSONLoader.h; sourceTree = "<group>"; };
		68C06C151A8C88EC00BAC59F /* JSONLoader.m */ = {isa = PBXFileReference; fileEncoding = 4; lastKnownFileType = sourcecode.c.objc; path = JSONLoader.m; sourceTree = "<group>"; };
		68C06C161A8C88EC00BAC59F /* News.h */ = {isa = PBXFileReference; fileEncoding = 4; lastKnownFileType = sourcecode.c.h; path = News.h; sourceTree = "<group>"; };
		68C06C171A8C88EC00BAC59F /* News.m */ = {isa = PBXFileReference; fileEncoding = 4; lastKnownFileType = sourcecode.c.objc; path = News.m; sourceTree = "<group>"; };
		68C06C191A8C88EC00BAC59F /* DetailViewController.h */ = {isa = PBXFileReference; fileEncoding = 4; lastKnownFileType = sourcecode.c.h; path = DetailViewController.h; sourceTree = "<group>"; };
		68C06C1A1A8C88EC00BAC59F /* DetailViewController.m */ = {isa = PBXFileReference; fileEncoding = 4; lastKnownFileType = sourcecode.c.objc; path = DetailViewController.m; sourceTree = "<group>"; };
		68C06C1B1A8C88EC00BAC59F /* MasterViewController.h */ = {isa = PBXFileReference; fileEncoding = 4; lastKnownFileType = sourcecode.c.h; path = MasterViewController.h; sourceTree = "<group>"; };
		68C06C1C1A8C88EC00BAC59F /* MasterViewController.m */ = {isa = PBXFileReference; fileEncoding = 4; lastKnownFileType = sourcecode.c.objc; path = MasterViewController.m; sourceTree = "<group>"; };
		68C06C241A8C8A9D00BAC59F /* Base */ = {isa = PBXFileReference; lastKnownFileType = file.storyboard; name = Base; path = News/Base.lproj/Main.storyboard; sourceTree = SOURCE_ROOT; };
/* End PBXFileReference section */

/* Begin PBXFrameworksBuildPhase section */
		6887FADD1A8A47AF003253BF /* Frameworks */ = {
			isa = PBXFrameworksBuildPhase;
			buildActionMask = 2147483647;
			files = (
			);
			runOnlyForDeploymentPostprocessing = 0;
		};
		6887FAF91A8A47AF003253BF /* Frameworks */ = {
			isa = PBXFrameworksBuildPhase;
			buildActionMask = 2147483647;
			files = (
			);
			runOnlyForDeploymentPostprocessing = 0;
		};
/* End PBXFrameworksBuildPhase section */

/* Begin PBXGroup section */
		6887FAD71A8A47AF003253BF = {
			isa = PBXGroup;
			children = (
				6887FAE21A8A47AF003253BF /* News */,
				6887FAFF1A8A47AF003253BF /* NewsTests */,
				6887FAE11A8A47AF003253BF /* Products */,
			);
			sourceTree = "<group>";
		};
		6887FAE11A8A47AF003253BF /* Products */ = {
			isa = PBXGroup;
			children = (
				6887FAE01A8A47AF003253BF /* News.app */,
				6887FAFC1A8A47AF003253BF /* NewsTests.xctest */,
			);
			name = Products;
			sourceTree = "<group>";
		};
		6887FAE21A8A47AF003253BF /* News */ = {
			isa = PBXGroup;
			children = (
				68C06C0D1A8C88EC00BAC59F /* AppDelegate */,
				68C06C101A8C88EC00BAC59F /* CustomCell */,
				68C06C131A8C88EC00BAC59F /* ObjectClass */,
				68C06C181A8C88EC00BAC59F /* ViewController */,
				68C06C231A8C8A9D00BAC59F /* Main.storyboard */,
				6887FAF31A8A47AF003253BF /* Images.xcassets */,
				6887FAF51A8A47AF003253BF /* LaunchScreen.xib */,
				6887FAE31A8A47AF003253BF /* Supporting Files */,
			);
			path = News;
			sourceTree = "<group>";
		};
		6887FAE31A8A47AF003253BF /* Supporting Files */ = {
			isa = PBXGroup;
			children = (
				6887FAE41A8A47AF003253BF /* Info.plist */,
				6887FAE51A8A47AF003253BF /* main.m */,
			);
			name = "Supporting Files";
			sourceTree = "<group>";
		};
		6887FAFF1A8A47AF003253BF /* NewsTests */ = {
			isa = PBXGroup;
			children = (
				6887FB021A8A47AF003253BF /* NewsTests.m */,
				6887FB001A8A47AF003253BF /* Supporting Files */,
			);
			path = NewsTests;
			sourceTree = "<group>";
		};
		6887FB001A8A47AF003253BF /* Supporting Files */ = {
			isa = PBXGroup;
			children = (
				6887FB011A8A47AF003253BF /* Info.plist */,
			);
			name = "Supporting Files";
			sourceTree = "<group>";
		};
		68C06C0D1A8C88EC00BAC59F /* AppDelegate */ = {
			isa = PBXGroup;
			children = (
				68C06C0E1A8C88EC00BAC59F /* AppDelegate.h */,
				68C06C0F1A8C88EC00BAC59F /* AppDelegate.m */,
			);
			path = AppDelegate;
			sourceTree = "<group>";
		};
		68C06C101A8C88EC00BAC59F /* CustomCell */ = {
			isa = PBXGroup;
			children = (
				68C06C111A8C88EC00BAC59F /* CustomNewsTableViewCell.h */,
				68C06C121A8C88EC00BAC59F /* CustomNewsTableViewCell.m */,
			);
			path = CustomCell;
			sourceTree = "<group>";
		};
		68C06C131A8C88EC00BAC59F /* ObjectClass */ = {
			isa = PBXGroup;
			children = (
				68C06C141A8C88EC00BAC59F /* JSONLoader.h */,
				68C06C151A8C88EC00BAC59F /* JSONLoader.m */,
				68C06C161A8C88EC00BAC59F /* News.h */,
				68C06C171A8C88EC00BAC59F /* News.m */,
			);
			path = ObjectClass;
			sourceTree = "<group>";
		};
		68C06C181A8C88EC00BAC59F /* ViewController */ = {
			isa = PBXGroup;
			children = (
				68C06C1B1A8C88EC00BAC59F /* MasterViewController.h */,
				68C06C1C1A8C88EC00BAC59F /* MasterViewController.m */,
				68C06C191A8C88EC00BAC59F /* DetailViewController.h */,
				68C06C1A1A8C88EC00BAC59F /* DetailViewController.m */,
			);
			path = ViewController;
			sourceTree = "<group>";
		};
/* End PBXGroup section */

/* Begin PBXNativeTarget section */
		6887FADF1A8A47AF003253BF /* News */ = {
			isa = PBXNativeTarget;
			buildConfigurationList = 6887FB061A8A47AF003253BF /* Build configuration list for PBXNativeTarget "News" */;
			buildPhases = (
				6887FADC1A8A47AF003253BF /* Sources */,
				6887FADD1A8A47AF003253BF /* Frameworks */,
				6887FADE1A8A47AF003253BF /* Resources */,
			);
			buildRules = (
			);
			dependencies = (
			);
			name = News;
			productName = News;
			productReference = 6887FAE01A8A47AF003253BF /* News.app */;
			productType = "com.apple.product-type.application";
		};
		6887FAFB1A8A47AF003253BF /* NewsTests */ = {
			isa = PBXNativeTarget;
			buildConfigurationList = 6887FB091A8A47AF003253BF /* Build configuration list for PBXNativeTarget "NewsTests" */;
			buildPhases = (
				6887FAF81A8A47AF003253BF /* Sources */,
				6887FAF91A8A47AF003253BF /* Frameworks */,
				6887FAFA1A8A47AF003253BF /* Resources */,
			);
			buildRules = (
			);
			dependencies = (
				6887FAFE1A8A47AF003253BF /* PBXTargetDependency */,
			);
			name = NewsTests;
			productName = NewsTests;
			productReference = 6887FAFC1A8A47AF003253BF /* NewsTests.xctest */;
			productType = "com.apple.product-type.bundle.unit-test";
		};
/* End PBXNativeTarget section */

/* Begin PBXProject section */
		6887FAD81A8A47AF003253BF /* Project object */ = {
			isa = PBXProject;
			attributes = {
				LastUpgradeCheck = 0610;
				ORGANIZATIONNAME = CTS;
				TargetAttributes = {
					6887FADF1A8A47AF003253BF = {
						CreatedOnToolsVersion = 6.1;
					};
					6887FAFB1A8A47AF003253BF = {
						CreatedOnToolsVersion = 6.1;
						TestTargetID = 6887FADF1A8A47AF003253BF;
					};
				};
			};
			buildConfigurationList = 6887FADB1A8A47AF003253BF /* Build configuration list for PBXProject "News" */;
			compatibilityVersion = "Xcode 3.2";
			developmentRegion = English;
			hasScannedForEncodings = 0;
			knownRegions = (
				en,
				Base,
			);
			mainGroup = 6887FAD71A8A47AF003253BF;
			productRefGroup = 6887FAE11A8A47AF003253BF /* Products */;
			projectDirPath = "";
			projectRoot = "";
			targets = (
				6887FADF1A8A47AF003253BF /* News */,
				6887FAFB1A8A47AF003253BF /* NewsTests */,
			);
		};
/* End PBXProject section */

/* Begin PBXResourcesBuildPhase section */
		6887FADE1A8A47AF003253BF /* Resources */ = {
			isa = PBXResourcesBuildPhase;
			buildActionMask = 2147483647;
			files = (
				68C06C251A8C8A9D00BAC59F /* Main.storyboard in Resources */,
				6887FAF71A8A47AF003253BF /* LaunchScreen.xib in Resources */,
				6887FAF41A8A47AF003253BF /* Images.xcassets in Resources */,
			);
			runOnlyForDeploymentPostprocessing = 0;
		};
		6887FAFA1A8A47AF003253BF /* Resources */ = {
			isa = PBXResourcesBuildPhase;
			buildActionMask = 2147483647;
			files = (
			);
			runOnlyForDeploymentPostprocessing = 0;
		};
/* End PBXResourcesBuildPhase section */

/* Begin PBXSourcesBuildPhase section */
		6887FADC1A8A47AF003253BF /* Sources */ = {
			isa = PBXSourcesBuildPhase;
			buildActionMask = 2147483647;
			files = (
				68C06C201A8C88EC00BAC59F /* News.m in Sources */,
				68C06C1F1A8C88EC00BAC59F /* JSONLoader.m in Sources */,
				68C06C1E1A8C88EC00BAC59F /* CustomNewsTableViewCell.m in Sources */,
				68C06C1D1A8C88EC00BAC59F /* AppDelegate.m in Sources */,
				6887FAE61A8A47AF003253BF /* main.m in Sources */,
				68C06C211A8C88EC00BAC59F /* DetailViewController.m in Sources */,
				68C06C221A8C88EC00BAC59F /* MasterViewController.m in Sources */,
			);
			runOnlyForDeploymentPostprocessing = 0;
		};
		6887FAF81A8A47AF003253BF /* Sources */ = {
			isa = PBXSourcesBuildPhase;
			buildActionMask = 2147483647;
			files = (
				6887FB031A8A47AF003253BF /* NewsTests.m in Sources */,
			);
			runOnlyForDeploymentPostprocessing = 0;
		};
/* End PBXSourcesBuildPhase section */

/* Begin PBXTargetDependency section */
		6887FAFE1A8A47AF003253BF /* PBXTargetDependency */ = {
			isa = PBXTargetDependency;
			target = 6887FADF1A8A47AF003253BF /* News */;
			targetProxy = 6887FAFD1A8A47AF003253BF /* PBXContainerItemProxy */;
		};
/* End PBXTargetDependency section */

/* Begin PBXVariantGroup section */
		6887FAF51A8A47AF003253BF /* LaunchScreen.xib */ = {
			isa = PBXVariantGroup;
			children = (
				6887FAF61A8A47AF003253BF /* Base */,
			);
			name = LaunchScreen.xib;
			sourceTree = "<group>";
		};
		68C06C231A8C8A9D00BAC59F /* Main.storyboard */ = {
			isa = PBXVariantGroup;
			children = (
				68C06C241A8C8A9D00BAC59F /* Base */,
			);
			name = Main.storyboard;
			path = ViewController;
			sourceTree = "<group>";
		};
/* End PBXVariantGroup section */

/* Begin XCBuildConfiguration section */
		6887FB041A8A47AF003253BF /* Debug */ = {
			isa = XCBuildConfiguration;
			buildSettings = {
				ALWAYS_SEARCH_USER_PATHS = NO;
				CLANG_CXX_LANGUAGE_STANDARD = "gnu++0x";
				CLANG_CXX_LIBRARY = "libc++";
				CLANG_ENABLE_MODULES = YES;
				CLANG_ENABLE_OBJC_ARC = YES;
				CLANG_WARN_BOOL_CONVERSION = YES;
				CLANG_WARN_CONSTANT_CONVERSION = YES;
				CLANG_WARN_DIRECT_OBJC_ISA_USAGE = YES_ERROR;
				CLANG_WARN_EMPTY_BODY = YES;
				CLANG_WARN_ENUM_CONVERSION = YES;
				CLANG_WARN_INT_CONVERSION = YES;
				CLANG_WARN_OBJC_ROOT_CLASS = YES_ERROR;
				CLANG_WARN_UNREACHABLE_CODE = YES;
				CLANG_WARN__DUPLICATE_METHOD_MATCH = YES;
				"CODE_SIGN_IDENTITY[sdk=iphoneos*]" = "iPhone Developer";
				COPY_PHASE_STRIP = NO;
				ENABLE_STRICT_OBJC_MSGSEND = YES;
				GCC_C_LANGUAGE_STANDARD = gnu99;
				GCC_DYNAMIC_NO_PIC = NO;
				GCC_OPTIMIZATION_LEVEL = 0;
				GCC_PREPROCESSOR_DEFINITIONS = (
					"DEBUG=1",
					"$(inherited)",
				);
				GCC_SYMBOLS_PRIVATE_EXTERN = NO;
				GCC_WARN_64_TO_32_BIT_CONVERSION = YES;
				GCC_WARN_ABOUT_RETURN_TYPE = YES_ERROR;
				GCC_WARN_UNDECLARED_SELECTOR = YES;
				GCC_WARN_UNINITIALIZED_AUTOS = YES_AGGRESSIVE;
				GCC_WARN_UNUSED_FUNCTION = YES;
				GCC_WARN_UNUSED_VARIABLE = YES;
				IPHONEOS_DEPLOYMENT_TARGET = 8.1;
				MTL_ENABLE_DEBUG_INFO = YES;
				ONLY_ACTIVE_ARCH = YES;
				SDKROOT = iphoneos;
			};
			name = Debug;
		};
		6887FB051A8A47AF003253BF /* Release */ = {
			isa = XCBuildConfiguration;
			buildSettings = {
				ALWAYS_SEARCH_USER_PATHS = NO;
				CLANG_CXX_LANGUAGE_STANDARD = "gnu++0x";
				CLANG_CXX_LIBRARY = "libc++";
				CLANG_ENABLE_MODULES = YES;
				CLANG_ENABLE_OBJC_ARC = YES;
				CLANG_WARN_BOOL_CONVERSION = YES;
				CLANG_WARN_CONSTANT_CONVERSION = YES;
				CLANG_WARN_DIRECT_OBJC_ISA_USAGE = YES_ERROR;
				CLANG_WARN_EMPTY_BODY = YES;
				CLANG_WARN_ENUM_CONVERSION = YES;
				CLANG_WARN_INT_CONVERSION = YES;
				CLANG_WARN_OBJC_ROOT_CLASS = YES_ERROR;
				CLANG_WARN_UNREACHABLE_CODE = YES;
				CLANG_WARN__DUPLICATE_METHOD_MATCH = YES;
				"CODE_SIGN_IDENTITY[sdk=iphoneos*]" = "iPhone Developer";
				COPY_PHASE_STRIP = YES;
				ENABLE_NS_ASSERTIONS = NO;
				ENABLE_STRICT_OBJC_MSGSEND = YES;
				GCC_C_LANGUAGE_STANDARD = gnu99;
				GCC_WARN_64_TO_32_BIT_CONVERSION = YES;
				GCC_WARN_ABOUT_RETURN_TYPE = YES_ERROR;
				GCC_WARN_UNDECLARED_SELECTOR = YES;
				GCC_WARN_UNINITIALIZED_AUTOS = YES_AGGRESSIVE;
				GCC_WARN_UNUSED_FUNCTION = YES;
				GCC_WARN_UNUSED_VARIABLE = YES;
				IPHONEOS_DEPLOYMENT_TARGET = 8.1;
				MTL_ENABLE_DEBUG_INFO = NO;
				SDKROOT = iphoneos;
				VALIDATE_PRODUCT = YES;
			};
			name = Release;
		};
		6887FB071A8A47AF003253BF /* Debug */ = {
			isa = XCBuildConfiguration;
			buildSettings = {
				ASSETCATALOG_COMPILER_APPICON_NAME = AppIcon;
				CLANG_ENABLE_OBJC_ARC = NO;
				INFOPLIST_FILE = News/Info.plist;
				IPHONEOS_DEPLOYMENT_TARGET = 7.0;
				LD_RUNPATH_SEARCH_PATHS = "$(inherited) @executable_path/Frameworks";
				PRODUCT_NAME = "$(TARGET_NAME)";
			};
			name = Debug;
		};
		6887FB081A8A47AF003253BF /* Release */ = {
			isa = XCBuildConfiguration;
			buildSettings = {
				ASSETCATALOG_COMPILER_APPICON_NAME = AppIcon;
				CLANG_ENABLE_OBJC_ARC = NO;
				INFOPLIST_FILE = News/Info.plist;
				IPHONEOS_DEPLOYMENT_TARGET = 7.0;
				LD_RUNPATH_SEARCH_PATHS = "$(inherited) @executable_path/Frameworks";
				PRODUCT_NAME = "$(TARGET_NAME)";
			};
			name = Release;
		};
		6887FB0A1A8A47AF003253BF /* Debug */ = {
			isa = XCBuildConfiguration;
			buildSettings = {
				BUNDLE_LOADER = "$(TEST_HOST)";
				FRAMEWORK_SEARCH_PATHS = (
					"$(SDKROOT)/Developer/Library/Frameworks",
					"$(inherited)",
				);
				GCC_PREPROCESSOR_DEFINITIONS = (
					"DEBUG=1",
					"$(inherited)",
				);
				INFOPLIST_FILE = NewsTests/Info.plist;
				LD_RUNPATH_SEARCH_PATHS = "$(inherited) @executable_path/Frameworks @loader_path/Frameworks";
				PRODUCT_NAME = "$(TARGET_NAME)";
				TEST_HOST = "$(BUILT_PRODUCTS_DIR)/News.app/News";
			};
			name = Debug;
		};
		6887FB0B1A8A47AF003253BF /* Release */ = {
			isa = XCBuildConfiguration;
			buildSettings = {
				BUNDLE_LOADER = "$(TEST_HOST)";
				FRAMEWORK_SEARCH_PATHS = (
					"$(SDKROOT)/Developer/Library/Frameworks",
					"$(inherited)",
				);
				INFOPLIST_FILE = NewsTests/Info.plist;
				LD_RUNPATH_SEARCH_PATHS = "$(inherited) @executable_path/Frameworks @loader_path/Frameworks";
				PRODUCT_NAME = "$(TARGET_NAME)";
				TEST_HOST = "$(BUILT_PRODUCTS_DIR)/News.app/News";
			};
			name = Release;
		};
/* End XCBuildConfiguration section */

/* Begin XCConfigurationList section */
		6887FADB1A8A47AF003253BF /* Build configuration list for PBXProject "News" */ = {
			isa = XCConfigurationList;
			buildConfigurations = (
				6887FB041A8A47AF003253BF /* Debug */,
				6887FB051A8A47AF003253BF /* Release */,
			);
			defaultConfigurationIsVisible = 0;
			defaultConfigurationName = Release;
		};
		6887FB061A8A47AF003253BF /* Build configuration list for PBXNativeTarget "News" */ = {
			isa = XCConfigurationList;
			buildConfigurations = (
				6887FB071A8A47AF003253BF /* Debug */,
				6887FB081A8A47AF003253BF /* Release */,
			);
			defaultConfigurationIsVisible = 0;
			defaultConfigurationName = Release;
		};
		6887FB091A8A47AF003253BF /* Build configuration list for PBXNativeTarget "NewsTests" */ = {
			isa = XCConfigurationList;
			buildConfigurations = (
				6887FB0A1A8A47AF003253BF /* Debug */,
				6887FB0B1A8A47AF003253BF /* Release */,
			);
			defaultConfigurationIsVisible = 0;
			defaultConfigurationName = Release;
		};
/* End XCConfigurationList section */
	};
	rootObject = 6887FAD81A8A47AF003253BF /* Project object */;
}
